// !$*UTF8*$!
{
	archiveVersion = 1;
	classes = {
	};
	objectVersion = 46;
	objects = {

/* Begin PBXBuildFile section */
		41789ADB18C3722A00F03E38 /* ObeSense_GIThub_test_class.m in Sources */ = {isa = PBXBuildFile; fileRef = 41789ADA18C3722A00F03E38 /* ObeSense_GIThub_test_class.m */; };
		41DE87DC18C36EE600352248 /* Foundation.framework in Frameworks */ = {isa = PBXBuildFile; fileRef = 41DE87DB18C36EE600352248 /* Foundation.framework */; };
		41DE87DE18C36EE600352248 /* CoreGraphics.framework in Frameworks */ = {isa = PBXBuildFile; fileRef = 41DE87DD18C36EE600352248 /* CoreGraphics.framework */; };
		41DE87E018C36EE600352248 /* UIKit.framework in Frameworks */ = {isa = PBXBuildFile; fileRef = 41DE87DF18C36EE600352248 /* UIKit.framework */; };
		41DE87E618C36EE600352248 /* InfoPlist.strings in Resources */ = {isa = PBXBuildFile; fileRef = 41DE87E418C36EE600352248 /* InfoPlist.strings */; };
		41DE87E818C36EE600352248 /* main.m in Sources */ = {isa = PBXBuildFile; fileRef = 41DE87E718C36EE600352248 /* main.m */; };
		41DE87EC18C36EE600352248 /* ObeSenseAppDelegate.m in Sources */ = {isa = PBXBuildFile; fileRef = 41DE87EB18C36EE600352248 /* ObeSenseAppDelegate.m */; };
		41DE87EF18C36EE600352248 /* Main.storyboard in Resources */ = {isa = PBXBuildFile; fileRef = 41DE87ED18C36EE600352248 /* Main.storyboard */; };
		41DE87F218C36EE600352248 /* ObeSenseViewController.m in Sources */ = {isa = PBXBuildFile; fileRef = 41DE87F118C36EE600352248 /* ObeSenseViewController.m */; };
		41DE87F418C36EE600352248 /* Images.xcassets in Resources */ = {isa = PBXBuildFile; fileRef = 41DE87F318C36EE600352248 /* Images.xcassets */; };
		41DE87FB18C36EE600352248 /* XCTest.framework in Frameworks */ = {isa = PBXBuildFile; fileRef = 41DE87FA18C36EE600352248 /* XCTest.framework */; };
		41DE87FC18C36EE600352248 /* Foundation.framework in Frameworks */ = {isa = PBXBuildFile; fileRef = 41DE87DB18C36EE600352248 /* Foundation.framework */; };
		41DE87FD18C36EE600352248 /* UIKit.framework in Frameworks */ = {isa = PBXBuildFile; fileRef = 41DE87DF18C36EE600352248 /* UIKit.framework */; };
		41DE880518C36EE600352248 /* InfoPlist.strings in Resources */ = {isa = PBXBuildFile; fileRef = 41DE880318C36EE600352248 /* InfoPlist.strings */; };
		41DE880718C36EE600352248 /* ObeSenseTests.m in Sources */ = {isa = PBXBuildFile; fileRef = 41DE880618C36EE600352248 /* ObeSenseTests.m */; };
/* End PBXBuildFile section */

/* Begin PBXContainerItemProxy section */
		41DE87FE18C36EE600352248 /* PBXContainerItemProxy */ = {
			isa = PBXContainerItemProxy;
			containerPortal = 41DE87D018C36EE600352248 /* Project object */;
			proxyType = 1;
			remoteGlobalIDString = 41DE87D718C36EE600352248;
			remoteInfo = ObeSense;
		};
/* End PBXContainerItemProxy section */

/* Begin PBXFileReference section */
		41789AD918C3722A00F03E38 /* ObeSense_GIThub_test_class.h */ = {isa = PBXFileReference; fileEncoding = 4; lastKnownFileType = sourcecode.c.h; path = ObeSense_GIThub_test_class.h; sourceTree = "<group>"; };
		41789ADA18C3722A00F03E38 /* ObeSense_GIThub_test_class.m */ = {isa = PBXFileReference; fileEncoding = 4; lastKnownFileType = sourcecode.c.objc; path = ObeSense_GIThub_test_class.m; sourceTree = "<group>"; };
		41DE87D818C36EE600352248 /* ObeSense.app */ = {isa = PBXFileReference; explicitFileType = wrapper.application; includeInIndex = 0; path = ObeSense.app; sourceTree = BUILT_PRODUCTS_DIR; };
		41DE87DB18C36EE600352248 /* Foundation.framework */ = {isa = PBXFileReference; lastKnownFileType = wrapper.framework; name = Foundation.framework; path = System/Library/Frameworks/Foundation.framework; sourceTree = SDKROOT; };
		41DE87DD18C36EE600352248 /* CoreGraphics.framework */ = {isa = PBXFileReference; lastKnownFileType = wrapper.framework; name = CoreGraphics.framework; path = System/Library/Frameworks/CoreGraphics.framework; sourceTree = SDKROOT; };
		41DE87DF18C36EE600352248 /* UIKit.framework */ = {isa = PBXFileReference; lastKnownFileType = wrapper.framework; name = UIKit.framework; path = System/Library/Frameworks/UIKit.framework; sourceTree = SDKROOT; };
		41DE87E318C36EE600352248 /* ObeSense-Info.plist */ = {isa = PBXFileReference; lastKnownFileType = text.plist.xml; path = "ObeSense-Info.plist"; sourceTree = "<group>"; };
		41DE87E518C36EE600352248 /* en */ = {isa = PBXFileReference; lastKnownFileType = text.plist.strings; name = en; path = en.lproj/InfoPlist.strings; sourceTree = "<group>"; };
		41DE87E718C36EE600352248 /* main.m */ = {isa = PBXFileReference; lastKnownFileType = sourcecode.c.objc; path = main.m; sourceTree = "<group>"; };
		41DE87E918C36EE600352248 /* ObeSense-Prefix.pch */ = {isa = PBXFileReference; lastKnownFileType = sourcecode.c.h; path = "ObeSense-Prefix.pch"; sourceTree = "<group>"; };
		41DE87EA18C36EE600352248 /* ObeSenseAppDelegate.h */ = {isa = PBXFileReference; lastKnownFileType = sourcecode.c.h; path = ObeSenseAppDelegate.h; sourceTree = "<group>"; };
		41DE87EB18C36EE600352248 /* ObeSenseAppDelegate.m */ = {isa = PBXFileReference; lastKnownFileType = sourcecode.c.objc; path = ObeSenseAppDelegate.m; sourceTree = "<group>"; };
		41DE87EE18C36EE600352248 /* Base */ = {isa = PBXFileReference; lastKnownFileType = file.storyboard; name = Base; path = Base.lproj/Main.storyboard; sourceTree = "<group>"; };
		41DE87F018C36EE600352248 /* ObeSenseViewController.h */ = {isa = PBXFileReference; lastKnownFileType = sourcecode.c.h; path = ObeSenseViewController.h; sourceTree = "<group>"; };
		41DE87F118C36EE600352248 /* ObeSenseViewController.m */ = {isa = PBXFileReference; lastKnownFileType = sourcecode.c.objc; path = ObeSenseViewController.m; sourceTree = "<group>"; };
		41DE87F318C36EE600352248 /* Images.xcassets */ = {isa = PBXFileReference; lastKnownFileType = folder.assetcatalog; path = Images.xcassets; sourceTree = "<group>"; };
		41DE87F918C36EE600352248 /* ObeSenseTests.xctest */ = {isa = PBXFileReference; explicitFileType = wrapper.cfbundle; includeInIndex = 0; path = ObeSenseTests.xctest; sourceTree = BUILT_PRODUCTS_DIR; };
		41DE87FA18C36EE600352248 /* XCTest.framework */ = {isa = PBXFileReference; lastKnownFileType = wrapper.framework; name = XCTest.framework; path = Library/Frameworks/XCTest.framework; sourceTree = DEVELOPER_DIR; };
		41DE880218C36EE600352248 /* ObeSenseTests-Info.plist */ = {isa = PBXFileReference; lastKnownFileType = text.plist.xml; path = "ObeSenseTests-Info.plist"; sourceTree = "<group>"; };
		41DE880418C36EE600352248 /* en */ = {isa = PBXFileReference; lastKnownFileType = text.plist.strings; name = en; path = en.lproj/InfoPlist.strings; sourceTree = "<group>"; };
		41DE880618C36EE600352248 /* ObeSenseTests.m */ = {isa = PBXFileReference; lastKnownFileType = sourcecode.c.objc; path = ObeSenseTests.m; sourceTree = "<group>"; };
/* End PBXFileReference section */

/* Begin PBXFrameworksBuildPhase section */
		41DE87D518C36EE600352248 /* Frameworks */ = {
			isa = PBXFrameworksBuildPhase;
			buildActionMask = 2147483647;
			files = (
				41DE87DE18C36EE600352248 /* CoreGraphics.framework in Frameworks */,
				41DE87E018C36EE600352248 /* UIKit.framework in Frameworks */,
				41DE87DC18C36EE600352248 /* Foundation.framework in Frameworks */,
			);
			runOnlyForDeploymentPostprocessing = 0;
		};
		41DE87F618C36EE600352248 /* Frameworks */ = {
			isa = PBXFrameworksBuildPhase;
			buildActionMask = 2147483647;
			files = (
				41DE87FB18C36EE600352248 /* XCTest.framework in Frameworks */,
				41DE87FD18C36EE600352248 /* UIKit.framework in Frameworks */,
				41DE87FC18C36EE600352248 /* Foundation.framework in Frameworks */,
			);
			runOnlyForDeploymentPostprocessing = 0;
		};
/* End PBXFrameworksBuildPhase section */

/* Begin PBXGroup section */
		41DE87CF18C36EE600352248 = {
			isa = PBXGroup;
			children = (
				41DE87E118C36EE600352248 /* ObeSense */,
				41DE880018C36EE600352248 /* ObeSenseTests */,
				41DE87DA18C36EE600352248 /* Frameworks */,
				41DE87D918C36EE600352248 /* Products */,
			);
			sourceTree = "<group>";
		};
		41DE87D918C36EE600352248 /* Products */ = {
			isa = PBXGroup;
			children = (
				41DE87D818C36EE600352248 /* ObeSense.app */,
				41DE87F918C36EE600352248 /* ObeSenseTests.xctest */,
			);
			name = Products;
			sourceTree = "<group>";
		};
		41DE87DA18C36EE600352248 /* Frameworks */ = {
			isa = PBXGroup;
			children = (
				41DE87DB18C36EE600352248 /* Foundation.framework */,
				41DE87DD18C36EE600352248 /* CoreGraphics.framework */,
				41DE87DF18C36EE600352248 /* UIKit.framework */,
				41DE87FA18C36EE600352248 /* XCTest.framework */,
			);
			name = Frameworks;
			sourceTree = "<group>";
		};
		41DE87E118C36EE600352248 /* ObeSense */ = {
			isa = PBXGroup;
			children = (
				41DE87EA18C36EE600352248 /* ObeSenseAppDelegate.h */,
				41DE87EB18C36EE600352248 /* ObeSenseAppDelegate.m */,
				41DE87ED18C36EE600352248 /* Main.storyboard */,
				41DE87F018C36EE600352248 /* ObeSenseViewController.h */,
				41DE87F118C36EE600352248 /* ObeSenseViewController.m */,
				41DE87F318C36EE600352248 /* Images.xcassets */,
				41DE87E218C36EE600352248 /* Supporting Files */,
				41789AD918C3722A00F03E38 /* ObeSense_GIThub_test_class.h */,
				41789ADA18C3722A00F03E38 /* ObeSense_GIThub_test_class.m */,
			);
			path = ObeSense;
			sourceTree = "<group>";
		};
		41DE87E218C36EE600352248 /* Supporting Files */ = {
			isa = PBXGroup;
			children = (
				41DE87E318C36EE600352248 /* ObeSense-Info.plist */,
				41DE87E418C36EE600352248 /* InfoPlist.strings */,
				41DE87E718C36EE600352248 /* main.m */,
				41DE87E918C36EE600352248 /* ObeSense-Prefix.pch */,
			);
			name = "Supporting Files";
			sourceTree = "<group>";
		};
		41DE880018C36EE600352248 /* ObeSenseTests */ = {
			isa = PBXGroup;
			children = (
				41DE880618C36EE600352248 /* ObeSenseTests.m */,
				41DE880118C36EE600352248 /* Supporting Files */,
			);
			path = ObeSenseTests;
			sourceTree = "<group>";
		};
		41DE880118C36EE600352248 /* Supporting Files */ = {
			isa = PBXGroup;
			children = (
				41DE880218C36EE600352248 /* ObeSenseTests-Info.plist */,
				41DE880318C36EE600352248 /* InfoPlist.strings */,
			);
			name = "Supporting Files";
			sourceTree = "<group>";
		};
/* End PBXGroup section */

/* Begin PBXNativeTarget section */
		41DE87D718C36EE600352248 /* ObeSense */ = {
			isa = PBXNativeTarget;
			buildConfigurationList = 41DE880A18C36EE600352248 /* Build configuration list for PBXNativeTarget "ObeSense" */;
			buildPhases = (
				41DE87D418C36EE600352248 /* Sources */,
				41DE87D518C36EE600352248 /* Frameworks */,
				41DE87D618C36EE600352248 /* Resources */,
			);
			buildRules = (
			);
			dependencies = (
			);
			name = ObeSense;
			productName = ObeSense;
			productReference = 41DE87D818C36EE600352248 /* ObeSense.app */;
			productType = "com.apple.product-type.application";
		};
		41DE87F818C36EE600352248 /* ObeSenseTests */ = {
			isa = PBXNativeTarget;
			buildConfigurationList = 41DE880D18C36EE600352248 /* Build configuration list for PBXNativeTarget "ObeSenseTests" */;
			buildPhases = (
				41DE87F518C36EE600352248 /* Sources */,
				41DE87F618C36EE600352248 /* Frameworks */,
				41DE87F718C36EE600352248 /* Resources */,
			);
			buildRules = (
			);
			dependencies = (
				41DE87FF18C36EE600352248 /* PBXTargetDependency */,
			);
			name = ObeSenseTests;
			productName = ObeSenseTests;
			productReference = 41DE87F918C36EE600352248 /* ObeSenseTests.xctest */;
			productType = "com.apple.product-type.bundle.unit-test";
		};
/* End PBXNativeTarget section */

/* Begin PBXProject section */
		41DE87D018C36EE600352248 /* Project object */ = {
			isa = PBXProject;
			attributes = {
				CLASSPREFIX = ObeSense;
				LastUpgradeCheck = 0500;
				ORGANIZATIONNAME = "Andrea Soro";
				TargetAttributes = {
					41DE87F818C36EE600352248 = {
						TestTargetID = 41DE87D718C36EE600352248;
					};
				};
			};
			buildConfigurationList = 41DE87D318C36EE600352248 /* Build configuration list for PBXProject "ObeSense" */;
			compatibilityVersion = "Xcode 3.2";
			developmentRegion = English;
			hasScannedForEncodings = 0;
			knownRegions = (
				en,
				Base,
			);
			mainGroup = 41DE87CF18C36EE600352248;
			productRefGroup = 41DE87D918C36EE600352248 /* Products */;
			projectDirPath = "";
			projectRoot = "";
			targets = (
				41DE87D718C36EE600352248 /* ObeSense */,
				41DE87F818C36EE600352248 /* ObeSenseTests */,
			);
		};
/* End PBXProject section */

/* Begin PBXResourcesBuildPhase section */
		41DE87D618C36EE600352248 /* Resources */ = {
			isa = PBXResourcesBuildPhase;
			buildActionMask = 2147483647;
			files = (
				41DE87F418C36EE600352248 /* Images.xcassets in Resources */,
				41DE87E618C36EE600352248 /* InfoPlist.strings in Resources */,
				41DE87EF18C36EE600352248 /* Main.storyboard in Resources */,
			);
			runOnlyForDeploymentPostprocessing = 0;
		};
		41DE87F718C36EE600352248 /* Resources */ = {
			isa = PBXResourcesBuildPhase;
			buildActionMask = 2147483647;
			files = (
				41DE880518C36EE600352248 /* InfoPlist.strings in Resources */,
			);
			runOnlyForDeploymentPostprocessing = 0;
		};
/* End PBXResourcesBuildPhase section */

/* Begin PBXSourcesBuildPhase section */
		41DE87D418C36EE600352248 /* Sources */ = {
			isa = PBXSourcesBuildPhase;
			buildActionMask = 2147483647;
			files = (
				41DE87EC18C36EE600352248 /* ObeSenseAppDelegate.m in Sources */,
				41789ADB18C3722A00F03E38 /* ObeSense_GIThub_test_class.m in Sources */,
				41DE87F218C36EE600352248 /* ObeSenseViewController.m in Sources */,
				41DE87E818C36EE600352248 /* main.m in Sources */,
			);
			runOnlyForDeploymentPostprocessing = 0;
		};
		41DE87F518C36EE600352248 /* Sources */ = {
			isa = PBXSourcesBuildPhase;
			buildActionMask = 2147483647;
			files = (
				41DE880718C36EE600352248 /* ObeSenseTests.m in Sources */,
			);
			runOnlyForDeploymentPostprocessing = 0;
		};
/* End PBXSourcesBuildPhase section */

/* Begin PBXTargetDependency section */
		41DE87FF18C36EE600352248 /* PBXTargetDependency */ = {
			isa = PBXTargetDependency;
			target = 41DE87D718C36EE600352248 /* ObeSense */;
			targetProxy = 41DE87FE18C36EE600352248 /* PBXContainerItemProxy */;
		};
/* End PBXTargetDependency section */

/* Begin PBXVariantGroup section */
		41DE87E418C36EE600352248 /* InfoPlist.strings */ = {
			isa = PBXVariantGroup;
			children = (
				41DE87E518C36EE600352248 /* en */,
			);
			name = InfoPlist.strings;
			sourceTree = "<group>";
		};
		41DE87ED18C36EE600352248 /* Main.storyboard */ = {
			isa = PBXVariantGroup;
			children = (
				41DE87EE18C36EE600352248 /* Base */,
			);
			name = Main.storyboard;
			sourceTree = "<group>";
		};
		41DE880318C36EE600352248 /* InfoPlist.strings */ = {
			isa = PBXVariantGroup;
			children = (
				41DE880418C36EE600352248 /* en */,
			);
			name = InfoPlist.strings;
			sourceTree = "<group>";
		};
/* End PBXVariantGroup section */

/* Begin XCBuildConfiguration section */
		41DE880818C36EE600352248 /* Debug */ = {
			isa = XCBuildConfiguration;
			buildSettings = {
				ALWAYS_SEARCH_USER_PATHS = NO;
				ARCHS = "$(ARCHS_STANDARD_INCLUDING_64_BIT)";
				CLANG_CXX_LANGUAGE_STANDARD = "gnu++0x";
				CLANG_CXX_LIBRARY = "libc++";
				CLANG_ENABLE_MODULES = YES;
				CLANG_ENABLE_OBJC_ARC = YES;
				CLANG_WARN_BOOL_CONVERSION = YES;
				CLANG_WARN_CONSTANT_CONVERSION = YES;
				CLANG_WARN_DIRECT_OBJC_ISA_USAGE = YES_ERROR;
				CLANG_WARN_EMPTY_BODY = YES;
				CLANG_WARN_ENUM_CONVERSION = YES;
				CLANG_WARN_INT_CONVERSION = YES;
				CLANG_WARN_OBJC_ROOT_CLASS = YES_ERROR;
				CLANG_WARN__DUPLICATE_METHOD_MATCH = YES;
				"CODE_SIGN_IDENTITY[sdk=iphoneos*]" = "iPhone Developer";
				COPY_PHASE_STRIP = NO;
				GCC_C_LANGUAGE_STANDARD = gnu99;
				GCC_DYNAMIC_NO_PIC = NO;
				GCC_OPTIMIZATION_LEVEL = 0;
				GCC_PREPROCESSOR_DEFINITIONS = (
					"DEBUG=1",
					"$(inherited)",
				);
				GCC_SYMBOLS_PRIVATE_EXTERN = NO;
				GCC_WARN_64_TO_32_BIT_CONVERSION = YES;
				GCC_WARN_ABOUT_RETURN_TYPE = YES_ERROR;
				GCC_WARN_UNDECLARED_SELECTOR = YES;
				GCC_WARN_UNINITIALIZED_AUTOS = YES;
				GCC_WARN_UNUSED_FUNCTION = YES;
				GCC_WARN_UNUSED_VARIABLE = YES;
				IPHONEOS_DEPLOYMENT_TARGET = 7.0;
				ONLY_ACTIVE_ARCH = YES;
				SDKROOT = iphoneos;
			};
			name = Debug;
		};
		41DE880918C36EE600352248 /* Release */ = {
			isa = XCBuildConfiguration;
			buildSettings = {
				ALWAYS_SEARCH_USER_PATHS = NO;
				ARCHS = "$(ARCHS_STANDARD_INCLUDING_64_BIT)";
				CLANG_CXX_LANGUAGE_STANDARD = "gnu++0x";
				CLANG_CXX_LIBRARY = "libc++";
				CLANG_ENABLE_MODULES = YES;
				CLANG_ENABLE_OBJC_ARC = YES;
				CLANG_WARN_BOOL_CONVERSION = YES;
				CLANG_WARN_CONSTANT_CONVERSION = YES;
				CLANG_WARN_DIRECT_OBJC_ISA_USAGE = YES_ERROR;
				CLANG_WARN_EMPTY_BODY = YES;
				CLANG_WARN_ENUM_CONVERSION = YES;
				CLANG_WARN_INT_CONVERSION = YES;
				CLANG_WARN_OBJC_ROOT_CLASS = YES_ERROR;
				CLANG_WARN__DUPLICATE_METHOD_MATCH = YES;
				"CODE_SIGN_IDENTITY[sdk=iphoneos*]" = "iPhone Developer";
				COPY_PHASE_STRIP = YES;
				ENABLE_NS_ASSERTIONS = NO;
				GCC_C_LANGUAGE_STANDARD = gnu99;
				GCC_WARN_64_TO_32_BIT_CONVERSION = YES;
				GCC_WARN_ABOUT_RETURN_TYPE = YES_ERROR;
				GCC_WARN_UNDECLARED_SELECTOR = YES;
				GCC_WARN_UNINITIALIZED_AUTOS = YES;
				GCC_WARN_UNUSED_FUNCTION = YES;
				GCC_WARN_UNUSED_VARIABLE = YES;
				IPHONEOS_DEPLOYMENT_TARGET = 7.0;
				SDKROOT = iphoneos;
				VALIDATE_PRODUCT = YES;
			};
			name = Release;
		};
		41DE880B18C36EE600352248 /* Debug */ = {
			isa = XCBuildConfiguration;
			buildSettings = {
				ASSETCATALOG_COMPILER_APPICON_NAME = AppIcon;
				ASSETCATALOG_COMPILER_LAUNCHIMAGE_NAME = LaunchImage;
				GCC_PRECOMPILE_PREFIX_HEADER = YES;
				GCC_PREFIX_HEADER = "ObeSense/ObeSense-Prefix.pch";
				INFOPLIST_FILE = "ObeSense/ObeSense-Info.plist";
				PRODUCT_NAME = "$(TARGET_NAME)";
				WRAPPER_EXTENSION = app;
			};
			name = Debug;
		};
		41DE880C18C36EE600352248 /* Release */ = {
			isa = XCBuildConfiguration;
			buildSettings = {
				ASSETCATALOG_COMPILER_APPICON_NAME = AppIcon;
				ASSETCATALOG_COMPILER_LAUNCHIMAGE_NAME = LaunchImage;
				GCC_PRECOMPILE_PREFIX_HEADER = YES;
				GCC_PREFIX_HEADER = "ObeSense/ObeSense-Prefix.pch";
				INFOPLIST_FILE = "ObeSense/ObeSense-Info.plist";
				PRODUCT_NAME = "$(TARGET_NAME)";
				WRAPPER_EXTENSION = app;
			};
			name = Release;
		};
		41DE880E18C36EE600352248 /* Debug */ = {
			isa = XCBuildConfiguration;
			buildSettings = {
				ARCHS = "$(ARCHS_STANDARD_INCLUDING_64_BIT)";
				BUNDLE_LOADER = "$(BUILT_PRODUCTS_DIR)/ObeSense.app/ObeSense";
				FRAMEWORK_SEARCH_PATHS = (
					"$(SDKROOT)/Developer/Library/Frameworks",
					"$(inherited)",
					"$(DEVELOPER_FRAMEWORKS_DIR)",
				);
				GCC_PRECOMPILE_PREFIX_HEADER = YES;
				GCC_PREFIX_HEADER = "ObeSense/ObeSense-Prefix.pch";
				GCC_PREPROCESSOR_DEFINITIONS = (
					"DEBUG=1",
					"$(inherited)",
				);
				INFOPLIST_FILE = "ObeSenseTests/ObeSenseTests-Info.plist";
				PRODUCT_NAME = "$(TARGET_NAME)";
				TEST_HOST = "$(BUNDLE_LOADER)";
				WRAPPER_EXTENSION = xctest;
			};
			name = Debug;
		};
		41DE880F18C36EE600352248 /* Release */ = {
			isa = XCBuildConfiguration;
			buildSettings = {
				ARCHS = "$(ARCHS_STANDARD_INCLUDING_64_BIT)";
				BUNDLE_LOADER = "$(BUILT_PRODUCTS_DIR)/ObeSense.app/ObeSense";
				FRAMEWORK_SEARCH_PATHS = (
					"$(SDKROOT)/Developer/Library/Frameworks",
					"$(inherited)",
					"$(DEVELOPER_FRAMEWORKS_DIR)",
				);
				GCC_PRECOMPILE_PREFIX_HEADER = YES;
				GCC_PREFIX_HEADER = "ObeSense/ObeSense-Prefix.pch";
				INFOPLIST_FILE = "ObeSenseTests/ObeSenseTests-Info.plist";
				PRODUCT_NAME = "$(TARGET_NAME)";
				TEST_HOST = "$(BUNDLE_LOADER)";
				WRAPPER_EXTENSION = xctest;
			};
			name = Release;
		};
/* End XCBuildConfiguration section */

/* Begin XCConfigurationList section */
		41DE87D318C36EE600352248 /* Build configuration list for PBXProject "ObeSense" */ = {
			isa = XCConfigurationList;
			buildConfigurations = (
				41DE880818C36EE600352248 /* Debug */,
				41DE880918C36EE600352248 /* Release */,
			);
			defaultConfigurationIsVisible = 0;
			defaultConfigurationName = Release;
		};
		41DE880A18C36EE600352248 /* Build configuration list for PBXNativeTarget "ObeSense" */ = {
			isa = XCConfigurationList;
			buildConfigurations = (
				41DE880B18C36EE600352248 /* Debug */,
				41DE880C18C36EE600352248 /* Release */,
			);
			defaultConfigurationIsVisible = 0;
			defaultConfigurationName = Release;
		};
		41DE880D18C36EE600352248 /* Build configuration list for PBXNativeTarget "ObeSenseTests" */ = {
			isa = XCConfigurationList;
			buildConfigurations = (
				41DE880E18C36EE600352248 /* Debug */,
				41DE880F18C36EE600352248 /* Release */,
			);
			defaultConfigurationIsVisible = 0;
			defaultConfigurationName = Release;
		};
/* End XCConfigurationList section */
	};
	rootObject = 41DE87D018C36EE600352248 /* Project object */;
}
